PODS:
  - Alamofire (4.9.1)
  - Cosmos (21.0.0)
  - SDWebImage (3.8.3):
    - SDWebImage/Core (= 3.8.3)
  - SDWebImage/Core (3.8.3)
  - SwiftyJSON (4.3.0)
  - youtube-ios-player-helper (0.1.6)

DEPENDENCIES:
  - Alamofire (~> 4.0)
  - Cosmos (~> 21.0)
  - SDWebImage (~> 3.8)
  - SwiftyJSON (~> 4.0)
  - youtube-ios-player-helper (~> 0.1.4)

SPEC REPOS:
  trunk:
    - Alamofire
    - Cosmos
    - SDWebImage
    - SwiftyJSON
    - youtube-ios-player-helper

SPEC CHECKSUMS:
  Alamofire: 85e8a02c69d6020a0d734f6054870d7ecb75cf18
  Cosmos: 3dfb6e4ba48bd48b8c9aa2a77048ae11ed114f96
  SDWebImage: a72e880a8fe0f7fc31efe15aaed443c074d2a80c
  SwiftyJSON: 6faa0040f8b59dead0ee07436cbf76b73c08fd08
  youtube-ios-player-helper: 21ab92db027c7ff86cb17a3843a3f6eafc8158d2

PODFILE CHECKSUM: b7739ab4a36030a1672268ba466dfe33e6bfa4e0

COCOAPODS: 1.9.0
